
Microsoft Visual Studio Solution File, Format Version 12.00
# Visual Studio 15
VisualStudioVersion = 15.0.28307.902
MinimumVisualStudioVersion = 10.0.40219.1
Project("{FAE04EC0-301F-11D3-BF4B-00C04F79EFBC}") = "CayleyTreeChange", "CayleyTreeChange\CayleyTreeChange.csproj", "{35AC710A-4FC2-489A-A356-46FC583612BA}"
EndProject
Global
	GlobalSection(SolutionConfigurationPlatforms) = preSolution
		Debug|Any CPU = Debug|Any CPU
		Release|Any CPU = Release|Any CPU
	EndGlobalSection
	GlobalSection(ProjectConfigurationPlatforms) = postSolution
		{35AC710A-4FC2-489A-A356-46FC583612BA}.Debug|Any CPU.ActiveCfg = Debug|Any CPU
		{35AC710A-4FC2-489A-A356-46FC583612BA}.Debug|Any CPU.Build.0 = Debug|Any CPU
		{35AC710A-4FC2-489A-A356-46FC583612BA}.Release|Any CPU.ActiveCfg = Release|Any CPU
		{35AC710A-4FC2-489A-A356-46FC583612BA}.Release|Any CPU.Build.0 = Release|Any CPU
	EndGlobalSection
	GlobalSection(SolutionProperties) = preSolution
		HideSolutionNode = FALSE
	EndGlobalSection
	GlobalSection(ExtensibilityGlobals) = postSolution
		SolutionGuid = {F6CCA69E-8763-4C5E-9276-159A83FC303A}
	EndGlobalSection
EndGlobal
